// !$*UTF8*$!
{
	archiveVersion = 1;
	classes = {
	};
	objectVersion = 50;
	objects = {

/* Begin PBXBuildFile section */
		DB3FFFB2248F1BDC00641666 /* Data+Extensions.swift in Sources */ = {isa = PBXBuildFile; fileRef = DB3FFFB1248F1BDC00641666 /* Data+Extensions.swift */; };
		DBA7E328246B9230002D67FE /* Model.swift in Sources */ = {isa = PBXBuildFile; fileRef = DBA7E327246B9230002D67FE /* Model.swift */; };
		DBA7E32A246B934D002D67FE /* RemoteAddAccount.swift in Sources */ = {isa = PBXBuildFile; fileRef = DBA7E329246B934D002D67FE /* RemoteAddAccount.swift */; };
		DBA7E32C246B93D8002D67FE /* HttpPostClientProtocol.swift in Sources */ = {isa = PBXBuildFile; fileRef = DBA7E32B246B93D8002D67FE /* HttpPostClientProtocol.swift */; };
		DBD154B5246A3209003A04AC /* AddAccountUseCaseProtocol.swift in Sources */ = {isa = PBXBuildFile; fileRef = DBD154B4246A3209003A04AC /* AddAccountUseCaseProtocol.swift */; };
		DBD154B8246A3383003A04AC /* AccountResponse.swift in Sources */ = {isa = PBXBuildFile; fileRef = DBD154B7246A3383003A04AC /* AccountResponse.swift */; };
		DBD154BA246A33A3003A04AC /* AccountRequest.swift in Sources */ = {isa = PBXBuildFile; fileRef = DBD154B9246A33A3003A04AC /* AccountRequest.swift */; };
		DBD154CC246A363A003A04AC /* Domain.framework in Frameworks */ = {isa = PBXBuildFile; fileRef = DBD154AC246A3151003A04AC /* Domain.framework */; };
		DBD154CD246A363A003A04AC /* Domain.framework in Embed Frameworks */ = {isa = PBXBuildFile; fileRef = DBD154AC246A3151003A04AC /* Domain.framework */; settings = {ATTRIBUTES = (CodeSignOnCopy, RemoveHeadersOnCopy, ); }; };
		DBD154D8246A3B7E003A04AC /* RemoteAddAccountTests.swift in Sources */ = {isa = PBXBuildFile; fileRef = DBD154D7246A3B7E003A04AC /* RemoteAddAccountTests.swift */; };
		DBFC085224708F6000E11FF2 /* MessageError.swift in Sources */ = {isa = PBXBuildFile; fileRef = DBFC085124708F6000E11FF2 /* MessageError.swift */; };
/* End PBXBuildFile section */

/* Begin PBXContainerItemProxy section */
		DBD154CE246A363A003A04AC /* PBXContainerItemProxy */ = {
			isa = PBXContainerItemProxy;
			containerPortal = DBD15493246A2DF3003A04AC /* Project object */;
			proxyType = 1;
			remoteGlobalIDString = DBD154AB246A3151003A04AC;
			remoteInfo = Domain;
		};
/* End PBXContainerItemProxy section */

/* Begin PBXCopyFilesBuildPhase section */
		DBD154D0246A363A003A04AC /* Embed Frameworks */ = {
			isa = PBXCopyFilesBuildPhase;
			buildActionMask = 2147483647;
			dstPath = "";
			dstSubfolderSpec = 10;
			files = (
				DBD154CD246A363A003A04AC /* Domain.framework in Embed Frameworks */,
			);
			name = "Embed Frameworks";
			runOnlyForDeploymentPostprocessing = 0;
		};
/* End PBXCopyFilesBuildPhase section */

/* Begin PBXFileReference section */
		DB3FFFB1248F1BDC00641666 /* Data+Extensions.swift */ = {isa = PBXFileReference; lastKnownFileType = sourcecode.swift; path = "Data+Extensions.swift"; sourceTree = "<group>"; };
		DBA7E327246B9230002D67FE /* Model.swift */ = {isa = PBXFileReference; lastKnownFileType = sourcecode.swift; path = Model.swift; sourceTree = "<group>"; };
		DBA7E329246B934D002D67FE /* RemoteAddAccount.swift */ = {isa = PBXFileReference; lastKnownFileType = sourcecode.swift; path = RemoteAddAccount.swift; sourceTree = "<group>"; };
		DBA7E32B246B93D8002D67FE /* HttpPostClientProtocol.swift */ = {isa = PBXFileReference; lastKnownFileType = sourcecode.swift; path = HttpPostClientProtocol.swift; sourceTree = "<group>"; };
		DBD154AC246A3151003A04AC /* Domain.framework */ = {isa = PBXFileReference; explicitFileType = wrapper.framework; includeInIndex = 0; path = Domain.framework; sourceTree = BUILT_PRODUCTS_DIR; };
		DBD154AF246A3151003A04AC /* Info.plist */ = {isa = PBXFileReference; lastKnownFileType = text.plist.xml; path = Info.plist; sourceTree = "<group>"; };
		DBD154B4246A3209003A04AC /* AddAccountUseCaseProtocol.swift */ = {isa = PBXFileReference; lastKnownFileType = sourcecode.swift; path = AddAccountUseCaseProtocol.swift; sourceTree = "<group>"; };
		DBD154B7246A3383003A04AC /* AccountResponse.swift */ = {isa = PBXFileReference; lastKnownFileType = sourcecode.swift; path = AccountResponse.swift; sourceTree = "<group>"; };
		DBD154B9246A33A3003A04AC /* AccountRequest.swift */ = {isa = PBXFileReference; lastKnownFileType = sourcecode.swift; path = AccountRequest.swift; sourceTree = "<group>"; };
		DBD154C2246A35D4003A04AC /* Data.framework */ = {isa = PBXFileReference; explicitFileType = wrapper.framework; includeInIndex = 0; path = Data.framework; sourceTree = BUILT_PRODUCTS_DIR; };
		DBD154C5246A35D4003A04AC /* Info.plist */ = {isa = PBXFileReference; lastKnownFileType = text.plist.xml; path = Info.plist; sourceTree = "<group>"; };
		DBD154D5246A3B7E003A04AC /* DataTests.xctest */ = {isa = PBXFileReference; explicitFileType = wrapper.cfbundle; includeInIndex = 0; path = DataTests.xctest; sourceTree = BUILT_PRODUCTS_DIR; };
		DBD154D7246A3B7E003A04AC /* RemoteAddAccountTests.swift */ = {isa = PBXFileReference; lastKnownFileType = sourcecode.swift; path = RemoteAddAccountTests.swift; sourceTree = "<group>"; };
		DBD154D9246A3B7E003A04AC /* Info.plist */ = {isa = PBXFileReference; lastKnownFileType = text.plist.xml; path = Info.plist; sourceTree = "<group>"; };
		DBFC085124708F6000E11FF2 /* MessageError.swift */ = {isa = PBXFileReference; lastKnownFileType = sourcecode.swift; path = MessageError.swift; sourceTree = "<group>"; };
/* End PBXFileReference section */

/* Begin PBXFrameworksBuildPhase section */
		DBD154A9246A3151003A04AC /* Frameworks */ = {
			isa = PBXFrameworksBuildPhase;
			buildActionMask = 2147483647;
			files = (
			);
			runOnlyForDeploymentPostprocessing = 0;
		};
		DBD154BF246A35D4003A04AC /* Frameworks */ = {
			isa = PBXFrameworksBuildPhase;
			buildActionMask = 2147483647;
			files = (
				DBD154CC246A363A003A04AC /* Domain.framework in Frameworks */,
			);
			runOnlyForDeploymentPostprocessing = 0;
		};
		DBD154D2246A3B7E003A04AC /* Frameworks */ = {
			isa = PBXFrameworksBuildPhase;
			buildActionMask = 2147483647;
			files = (
			);
			runOnlyForDeploymentPostprocessing = 0;
		};
/* End PBXFrameworksBuildPhase section */

/* Begin PBXGroup section */
		DB3FFFB0248F1BCF00641666 /* Extensions */ = {
			isa = PBXGroup;
			children = (
				DB3FFFB1248F1BDC00641666 /* Data+Extensions.swift */,
			);
			path = Extensions;
			sourceTree = "<group>";
		};
		DBA7E32D246B94BD002D67FE /* UseCases */ = {
			isa = PBXGroup;
			children = (
				DBA7E329246B934D002D67FE /* RemoteAddAccount.swift */,
			);
			path = UseCases;
			sourceTree = "<group>";
		};
		DBA7E32E246B94C4002D67FE /* Http */ = {
			isa = PBXGroup;
			children = (
				DBA7E32B246B93D8002D67FE /* HttpPostClientProtocol.swift */,
			);
			path = Http;
			sourceTree = "<group>";
		};
		DBA7E32F246B94DB002D67FE /* UseCases */ = {
			isa = PBXGroup;
			children = (
				DBD154D7246A3B7E003A04AC /* RemoteAddAccountTests.swift */,
			);
			path = UseCases;
			sourceTree = "<group>";
		};
		DBD15492246A2DF3003A04AC = {
			isa = PBXGroup;
			children = (
				DBD154AD246A3151003A04AC /* Domain */,
				DBD154C3246A35D4003A04AC /* Data */,
				DBD154D6246A3B7E003A04AC /* DataTests */,
				DBD1549D246A2DF3003A04AC /* Products */,
				DBD154CB246A363A003A04AC /* Frameworks */,
			);
			sourceTree = "<group>";
		};
		DBD1549D246A2DF3003A04AC /* Products */ = {
			isa = PBXGroup;
			children = (
				DBD154AC246A3151003A04AC /* Domain.framework */,
				DBD154C2246A35D4003A04AC /* Data.framework */,
				DBD154D5246A3B7E003A04AC /* DataTests.xctest */,
			);
			name = Products;
			sourceTree = "<group>";
		};
		DBD154AD246A3151003A04AC /* Domain */ = {
			isa = PBXGroup;
			children = (
				DBD154B6246A336B003A04AC /* Models */,
				DBD154BB246A33AE003A04AC /* UseCases */,
				DBD154BC246A33E7003A04AC /* Resources */,
			);
			path = Domain;
			sourceTree = "<group>";
		};
		DBD154B6246A336B003A04AC /* Models */ = {
			isa = PBXGroup;
			children = (
				DBA7E327246B9230002D67FE /* Model.swift */,
				DBD154B9246A33A3003A04AC /* AccountRequest.swift */,
				DBD154B7246A3383003A04AC /* AccountResponse.swift */,
				DBFC085124708F6000E11FF2 /* MessageError.swift */,
			);
			path = Models;
			sourceTree = "<group>";
		};
		DBD154BB246A33AE003A04AC /* UseCases */ = {
			isa = PBXGroup;
			children = (
				DBD154B4246A3209003A04AC /* AddAccountUseCaseProtocol.swift */,
			);
			path = UseCases;
			sourceTree = "<group>";
		};
		DBD154BC246A33E7003A04AC /* Resources */ = {
			isa = PBXGroup;
			children = (
				DBD154AF246A3151003A04AC /* Info.plist */,
			);
			path = Resources;
			sourceTree = "<group>";
		};
		DBD154C3246A35D4003A04AC /* Data */ = {
			isa = PBXGroup;
			children = (
				DB3FFFB0248F1BCF00641666 /* Extensions */,
				DBA7E32E246B94C4002D67FE /* Http */,
				DBA7E32D246B94BD002D67FE /* UseCases */,
				DBD154CA246A35EE003A04AC /* Resources */,
			);
			path = Data;
			sourceTree = "<group>";
		};
		DBD154CA246A35EE003A04AC /* Resources */ = {
			isa = PBXGroup;
			children = (
				DBD154C5246A35D4003A04AC /* Info.plist */,
			);
			path = Resources;
			sourceTree = "<group>";
		};
		DBD154CB246A363A003A04AC /* Frameworks */ = {
			isa = PBXGroup;
			children = (
			);
			name = Frameworks;
			sourceTree = "<group>";
		};
		DBD154D6246A3B7E003A04AC /* DataTests */ = {
			isa = PBXGroup;
			children = (
				DBA7E32F246B94DB002D67FE /* UseCases */,
				DBD154D9246A3B7E003A04AC /* Info.plist */,
			);
			path = DataTests;
			sourceTree = "<group>";
		};
/* End PBXGroup section */

/* Begin PBXHeadersBuildPhase section */
		DBD154A7246A3151003A04AC /* Headers */ = {
			isa = PBXHeadersBuildPhase;
			buildActionMask = 2147483647;
			files = (
			);
			runOnlyForDeploymentPostprocessing = 0;
		};
		DBD154BD246A35D4003A04AC /* Headers */ = {
			isa = PBXHeadersBuildPhase;
			buildActionMask = 2147483647;
			files = (
			);
			runOnlyForDeploymentPostprocessing = 0;
		};
/* End PBXHeadersBuildPhase section */

/* Begin PBXNativeTarget section */
		DBD154AB246A3151003A04AC /* Domain */ = {
			isa = PBXNativeTarget;
			buildConfigurationList = DBD154B1246A3151003A04AC /* Build configuration list for PBXNativeTarget "Domain" */;
			buildPhases = (
				DBD154A7246A3151003A04AC /* Headers */,
				DBD154A8246A3151003A04AC /* Sources */,
				DBD154A9246A3151003A04AC /* Frameworks */,
				DBD154AA246A3151003A04AC /* Resources */,
			);
			buildRules = (
			);
			dependencies = (
			);
			name = Domain;
			productName = Domain;
			productReference = DBD154AC246A3151003A04AC /* Domain.framework */;
			productType = "com.apple.product-type.framework";
		};
		DBD154C1246A35D4003A04AC /* Data */ = {
			isa = PBXNativeTarget;
			buildConfigurationList = DBD154C7246A35D4003A04AC /* Build configuration list for PBXNativeTarget "Data" */;
			buildPhases = (
				DBD154BD246A35D4003A04AC /* Headers */,
				DBD154BE246A35D4003A04AC /* Sources */,
				DBD154BF246A35D4003A04AC /* Frameworks */,
				DBD154C0246A35D4003A04AC /* Resources */,
				DBD154D0246A363A003A04AC /* Embed Frameworks */,
			);
			buildRules = (
			);
			dependencies = (
				DBD154CF246A363A003A04AC /* PBXTargetDependency */,
			);
			name = Data;
			productName = Data;
			productReference = DBD154C2246A35D4003A04AC /* Data.framework */;
			productType = "com.apple.product-type.framework";
		};
		DBD154D4246A3B7E003A04AC /* DataTests */ = {
			isa = PBXNativeTarget;
			buildConfigurationList = DBD154DA246A3B7E003A04AC /* Build configuration list for PBXNativeTarget "DataTests" */;
			buildPhases = (
				DBD154D1246A3B7E003A04AC /* Sources */,
				DBD154D2246A3B7E003A04AC /* Frameworks */,
				DBD154D3246A3B7E003A04AC /* Resources */,
			);
			buildRules = (
			);
			dependencies = (
			);
			name = DataTests;
			productName = DataTests;
			productReference = DBD154D5246A3B7E003A04AC /* DataTests.xctest */;
			productType = "com.apple.product-type.bundle.ui-testing";
		};
/* End PBXNativeTarget section */

/* Begin PBXProject section */
		DBD15493246A2DF3003A04AC /* Project object */ = {
			isa = PBXProject;
			attributes = {
				LastSwiftUpdateCheck = 1120;
				LastUpgradeCheck = 1120;
				ORGANIZATIONNAME = "Felipe Mendes";
				TargetAttributes = {
					DBD154AB246A3151003A04AC = {
						CreatedOnToolsVersion = 11.2.1;
						LastSwiftMigration = 1120;
					};
					DBD154C1246A35D4003A04AC = {
						CreatedOnToolsVersion = 11.2.1;
						LastSwiftMigration = 1120;
					};
					DBD154D4246A3B7E003A04AC = {
						CreatedOnToolsVersion = 11.2.1;
					};
				};
			};
			buildConfigurationList = DBD15496246A2DF3003A04AC /* Build configuration list for PBXProject "Swift-CleanArchitecture" */;
			compatibilityVersion = "Xcode 9.3";
			developmentRegion = en;
			hasScannedForEncodings = 0;
			knownRegions = (
				en,
				Base,
			);
			mainGroup = DBD15492246A2DF3003A04AC;
			productRefGroup = DBD1549D246A2DF3003A04AC /* Products */;
			projectDirPath = "";
			projectRoot = "";
			targets = (
				DBD154AB246A3151003A04AC /* Domain */,
				DBD154C1246A35D4003A04AC /* Data */,
				DBD154D4246A3B7E003A04AC /* DataTests */,
			);
		};
/* End PBXProject section */

/* Begin PBXResourcesBuildPhase section */
		DBD154AA246A3151003A04AC /* Resources */ = {
			isa = PBXResourcesBuildPhase;
			buildActionMask = 2147483647;
			files = (
			);
			runOnlyForDeploymentPostprocessing = 0;
		};
		DBD154C0246A35D4003A04AC /* Resources */ = {
			isa = PBXResourcesBuildPhase;
			buildActionMask = 2147483647;
			files = (
			);
			runOnlyForDeploymentPostprocessing = 0;
		};
		DBD154D3246A3B7E003A04AC /* Resources */ = {
			isa = PBXResourcesBuildPhase;
			buildActionMask = 2147483647;
			files = (
			);
			runOnlyForDeploymentPostprocessing = 0;
		};
/* End PBXResourcesBuildPhase section */

/* Begin PBXSourcesBuildPhase section */
		DBD154A8246A3151003A04AC /* Sources */ = {
			isa = PBXSourcesBuildPhase;
			buildActionMask = 2147483647;
			files = (
				DBD154BA246A33A3003A04AC /* AccountRequest.swift in Sources */,
				DBFC085224708F6000E11FF2 /* MessageError.swift in Sources */,
				DBD154B5246A3209003A04AC /* AddAccountUseCaseProtocol.swift in Sources */,
				DBD154B8246A3383003A04AC /* AccountResponse.swift in Sources */,
				DBA7E328246B9230002D67FE /* Model.swift in Sources */,
			);
			runOnlyForDeploymentPostprocessing = 0;
		};
		DBD154BE246A35D4003A04AC /* Sources */ = {
			isa = PBXSourcesBuildPhase;
			buildActionMask = 2147483647;
			files = (
				DB3FFFB2248F1BDC00641666 /* Data+Extensions.swift in Sources */,
				DBA7E32C246B93D8002D67FE /* HttpPostClientProtocol.swift in Sources */,
				DBA7E32A246B934D002D67FE /* RemoteAddAccount.swift in Sources */,
			);
			runOnlyForDeploymentPostprocessing = 0;
		};
		DBD154D1246A3B7E003A04AC /* Sources */ = {
			isa = PBXSourcesBuildPhase;
			buildActionMask = 2147483647;
			files = (
				DBD154D8246A3B7E003A04AC /* RemoteAddAccountTests.swift in Sources */,
			);
			runOnlyForDeploymentPostprocessing = 0;
		};
/* End PBXSourcesBuildPhase section */

/* Begin PBXTargetDependency section */
		DBD154CF246A363A003A04AC /* PBXTargetDependency */ = {
			isa = PBXTargetDependency;
			target = DBD154AB246A3151003A04AC /* Domain */;
			targetProxy = DBD154CE246A363A003A04AC /* PBXContainerItemProxy */;
		};
/* End PBXTargetDependency section */

/* Begin XCBuildConfiguration section */
		DBD154A2246A2DF3003A04AC /* Debug */ = {
			isa = XCBuildConfiguration;
			buildSettings = {
				ALWAYS_SEARCH_USER_PATHS = NO;
				CLANG_ANALYZER_NONNULL = YES;
				CLANG_ANALYZER_NUMBER_OBJECT_CONVERSION = YES_AGGRESSIVE;
				CLANG_CXX_LANGUAGE_STANDARD = "gnu++14";
				CLANG_CXX_LIBRARY = "libc++";
				CLANG_ENABLE_MODULES = YES;
				CLANG_ENABLE_OBJC_ARC = YES;
				CLANG_ENABLE_OBJC_WEAK = YES;
				CLANG_WARN_BLOCK_CAPTURE_AUTORELEASING = YES;
				CLANG_WARN_BOOL_CONVERSION = YES;
				CLANG_WARN_COMMA = YES;
				CLANG_WARN_CONSTANT_CONVERSION = YES;
				CLANG_WARN_DEPRECATED_OBJC_IMPLEMENTATIONS = YES;
				CLANG_WARN_DIRECT_OBJC_ISA_USAGE = YES_ERROR;
				CLANG_WARN_DOCUMENTATION_COMMENTS = YES;
				CLANG_WARN_EMPTY_BODY = YES;
				CLANG_WARN_ENUM_CONVERSION = YES;
				CLANG_WARN_INFINITE_RECURSION = YES;
				CLANG_WARN_INT_CONVERSION = YES;
				CLANG_WARN_NON_LITERAL_NULL_CONVERSION = YES;
				CLANG_WARN_OBJC_IMPLICIT_RETAIN_SELF = YES;
				CLANG_WARN_OBJC_LITERAL_CONVERSION = YES;
				CLANG_WARN_OBJC_ROOT_CLASS = YES_ERROR;
				CLANG_WARN_RANGE_LOOP_ANALYSIS = YES;
				CLANG_WARN_STRICT_PROTOTYPES = YES;
				CLANG_WARN_SUSPICIOUS_MOVE = YES;
				CLANG_WARN_UNGUARDED_AVAILABILITY = YES_AGGRESSIVE;
				CLANG_WARN_UNREACHABLE_CODE = YES;
				CLANG_WARN__DUPLICATE_METHOD_MATCH = YES;
				COPY_PHASE_STRIP = NO;
				CURRENT_PROJECT_VERSION = 1;
				DEBUG_INFORMATION_FORMAT = dwarf;
				ENABLE_STRICT_OBJC_MSGSEND = YES;
				ENABLE_TESTABILITY = YES;
				GCC_C_LANGUAGE_STANDARD = gnu11;
				GCC_DYNAMIC_NO_PIC = NO;
				GCC_NO_COMMON_BLOCKS = YES;
				GCC_OPTIMIZATION_LEVEL = 0;
				GCC_PREPROCESSOR_DEFINITIONS = (
					"DEBUG=1",
					"$(inherited)",
				);
				GCC_WARN_64_TO_32_BIT_CONVERSION = YES;
				GCC_WARN_ABOUT_RETURN_TYPE = YES_ERROR;
				GCC_WARN_UNDECLARED_SELECTOR = YES;
				GCC_WARN_UNINITIALIZED_AUTOS = YES_AGGRESSIVE;
				GCC_WARN_UNUSED_FUNCTION = YES;
				GCC_WARN_UNUSED_VARIABLE = YES;
				IPHONEOS_DEPLOYMENT_TARGET = 13.2;
				MTL_ENABLE_DEBUG_INFO = INCLUDE_SOURCE;
				MTL_FAST_MATH = YES;
				ONLY_ACTIVE_ARCH = YES;
				SDKROOT = iphoneos;
				SWIFT_ACTIVE_COMPILATION_CONDITIONS = DEBUG;
				SWIFT_OPTIMIZATION_LEVEL = "-Onone";
				VERSIONING_SYSTEM = "apple-generic";
				VERSION_INFO_PREFIX = "";
			};
			name = Debug;
		};
		DBD154A3246A2DF3003A04AC /* Release */ = {
			isa = XCBuildConfiguration;
			buildSettings = {
				ALWAYS_SEARCH_USER_PATHS = NO;
				CLANG_ANALYZER_NONNULL = YES;
				CLANG_ANALYZER_NUMBER_OBJECT_CONVERSION = YES_AGGRESSIVE;
				CLANG_CXX_LANGUAGE_STANDARD = "gnu++14";
				CLANG_CXX_LIBRARY = "libc++";
				CLANG_ENABLE_MODULES = YES;
				CLANG_ENABLE_OBJC_ARC = YES;
				CLANG_ENABLE_OBJC_WEAK = YES;
				CLANG_WARN_BLOCK_CAPTURE_AUTORELEASING = YES;
				CLANG_WARN_BOOL_CONVERSION = YES;
				CLANG_WARN_COMMA = YES;
				CLANG_WARN_CONSTANT_CONVERSION = YES;
				CLANG_WARN_DEPRECATED_OBJC_IMPLEMENTATIONS = YES;
				CLANG_WARN_DIRECT_OBJC_ISA_USAGE = YES_ERROR;
				CLANG_WARN_DOCUMENTATION_COMMENTS = YES;
				CLANG_WARN_EMPTY_BODY = YES;
				CLANG_WARN_ENUM_CONVERSION = YES;
				CLANG_WARN_INFINITE_RECURSION = YES;
				CLANG_WARN_INT_CONVERSION = YES;
				CLANG_WARN_NON_LITERAL_NULL_CONVERSION = YES;
				CLANG_WARN_OBJC_IMPLICIT_RETAIN_SELF = YES;
				CLANG_WARN_OBJC_LITERAL_CONVERSION = YES;
				CLANG_WARN_OBJC_ROOT_CLASS = YES_ERROR;
				CLANG_WARN_RANGE_LOOP_ANALYSIS = YES;
				CLANG_WARN_STRICT_PROTOTYPES = YES;
				CLANG_WARN_SUSPICIOUS_MOVE = YES;
				CLANG_WARN_UNGUARDED_AVAILABILITY = YES_AGGRESSIVE;
				CLANG_WARN_UNREACHABLE_CODE = YES;
				CLANG_WARN__DUPLICATE_METHOD_MATCH = YES;
				COPY_PHASE_STRIP = NO;
				CURRENT_PROJECT_VERSION = 1;
				DEBUG_INFORMATION_FORMAT = "dwarf-with-dsym";
				ENABLE_NS_ASSERTIONS = NO;
				ENABLE_STRICT_OBJC_MSGSEND = YES;
				GCC_C_LANGUAGE_STANDARD = gnu11;
				GCC_NO_COMMON_BLOCKS = YES;
				GCC_WARN_64_TO_32_BIT_CONVERSION = YES;
				GCC_WARN_ABOUT_RETURN_TYPE = YES_ERROR;
				GCC_WARN_UNDECLARED_SELECTOR = YES;
				GCC_WARN_UNINITIALIZED_AUTOS = YES_AGGRESSIVE;
				GCC_WARN_UNUSED_FUNCTION = YES;
				GCC_WARN_UNUSED_VARIABLE = YES;
				IPHONEOS_DEPLOYMENT_TARGET = 13.2;
				MTL_ENABLE_DEBUG_INFO = NO;
				MTL_FAST_MATH = YES;
				SDKROOT = iphoneos;
				SWIFT_COMPILATION_MODE = wholemodule;
				SWIFT_OPTIMIZATION_LEVEL = "-O";
				VALIDATE_PRODUCT = YES;
				VERSIONING_SYSTEM = "apple-generic";
				VERSION_INFO_PREFIX = "";
			};
			name = Release;
		};
		DBD154B2246A3151003A04AC /* Debug */ = {
			isa = XCBuildConfiguration;
			buildSettings = {
				CLANG_ENABLE_MODULES = YES;
				CODE_SIGN_IDENTITY = "Apple Development";
				CODE_SIGN_STYLE = Automatic;
				COMBINE_HIDPI_IMAGES = YES;
				DEFINES_MODULE = YES;
				DEVELOPMENT_TEAM = "";
				DYLIB_COMPATIBILITY_VERSION = 1;
				DYLIB_CURRENT_VERSION = 1;
				DYLIB_INSTALL_NAME_BASE = "@rpath";
				INFOPLIST_FILE = Domain/Resources/Info.plist;
				INSTALL_PATH = "$(LOCAL_LIBRARY_DIR)/Frameworks";
				LD_RUNPATH_SEARCH_PATHS = (
					"$(inherited)",
					"@executable_path/../Frameworks",
					"@loader_path/Frameworks",
				);
				MACOSX_DEPLOYMENT_TARGET = 10.14;
				PRODUCT_BUNDLE_IDENTIFIER = br.com.felipemendes.Domain;
				PRODUCT_NAME = "$(TARGET_NAME:c99extidentifier)";
				SDKROOT = macosx;
				SKIP_INSTALL = YES;
				SWIFT_OPTIMIZATION_LEVEL = "-Onone";
				SWIFT_VERSION = 5.0;
			};
			name = Debug;
		};
		DBD154B3246A3151003A04AC /* Release */ = {
			isa = XCBuildConfiguration;
			buildSettings = {
				CLANG_ENABLE_MODULES = YES;
				CODE_SIGN_STYLE = Automatic;
				COMBINE_HIDPI_IMAGES = YES;
				DEFINES_MODULE = YES;
				DEVELOPMENT_TEAM = "";
				DYLIB_COMPATIBILITY_VERSION = 1;
				DYLIB_CURRENT_VERSION = 1;
				DYLIB_INSTALL_NAME_BASE = "@rpath";
				INFOPLIST_FILE = Domain/Resources/Info.plist;
				INSTALL_PATH = "$(LOCAL_LIBRARY_DIR)/Frameworks";
				LD_RUNPATH_SEARCH_PATHS = (
					"$(inherited)",
					"@executable_path/../Frameworks",
					"@loader_path/Frameworks",
				);
				MACOSX_DEPLOYMENT_TARGET = 10.14;
				PRODUCT_BUNDLE_IDENTIFIER = br.com.felipemendes.Domain;
				PRODUCT_NAME = "$(TARGET_NAME:c99extidentifier)";
				SDKROOT = macosx;
				SKIP_INSTALL = YES;
				SWIFT_VERSION = 5.0;
			};
			name = Release;
		};
		DBD154C8246A35D4003A04AC /* Debug */ = {
			isa = XCBuildConfiguration;
			buildSettings = {
				CLANG_ENABLE_MODULES = YES;
				CODE_SIGN_STYLE = Automatic;
				COMBINE_HIDPI_IMAGES = YES;
				DEFINES_MODULE = YES;
				DEVELOPMENT_TEAM = "";
				DYLIB_COMPATIBILITY_VERSION = 1;
				DYLIB_CURRENT_VERSION = 1;
				DYLIB_INSTALL_NAME_BASE = "@rpath";
				INFOPLIST_FILE = Data/Resources/Info.plist;
				INSTALL_PATH = "$(LOCAL_LIBRARY_DIR)/Frameworks";
				LD_RUNPATH_SEARCH_PATHS = (
					"$(inherited)",
					"@executable_path/../Frameworks",
					"@loader_path/Frameworks",
				);
				MACOSX_DEPLOYMENT_TARGET = 10.14;
				PRODUCT_BUNDLE_IDENTIFIER = br.com.felipemendes.Data;
				PRODUCT_NAME = "$(TARGET_NAME:c99extidentifier)";
				SDKROOT = macosx;
				SKIP_INSTALL = YES;
				SWIFT_OPTIMIZATION_LEVEL = "-Onone";
				SWIFT_VERSION = 5.0;
			};
			name = Debug;
		};
		DBD154C9246A35D4003A04AC /* Release */ = {
			isa = XCBuildConfiguration;
			buildSettings = {
				CLANG_ENABLE_MODULES = YES;
				CODE_SIGN_STYLE = Automatic;
				COMBINE_HIDPI_IMAGES = YES;
				DEFINES_MODULE = YES;
				DEVELOPMENT_TEAM = "";
				DYLIB_COMPATIBILITY_VERSION = 1;
				DYLIB_CURRENT_VERSION = 1;
				DYLIB_INSTALL_NAME_BASE = "@rpath";
				INFOPLIST_FILE = Data/Resources/Info.plist;
				INSTALL_PATH = "$(LOCAL_LIBRARY_DIR)/Frameworks";
				LD_RUNPATH_SEARCH_PATHS = (
					"$(inherited)",
					"@executable_path/../Frameworks",
					"@loader_path/Frameworks",
				);
				MACOSX_DEPLOYMENT_TARGET = 10.14;
				PRODUCT_BUNDLE_IDENTIFIER = br.com.felipemendes.Data;
				PRODUCT_NAME = "$(TARGET_NAME:c99extidentifier)";
				SDKROOT = macosx;
				SKIP_INSTALL = YES;
				SWIFT_VERSION = 5.0;
			};
			name = Release;
		};
		DBD154DB246A3B7E003A04AC /* Debug */ = {
			isa = XCBuildConfiguration;
			buildSettings = {
				CODE_SIGN_STYLE = Automatic;
				COMBINE_HIDPI_IMAGES = YES;
				DEVELOPMENT_TEAM = "";
				INFOPLIST_FILE = DataTests/Info.plist;
				LD_RUNPATH_SEARCH_PATHS = (
					"$(inherited)",
					"@executable_path/../Frameworks",
					"@loader_path/../Frameworks",
				);
				MACOSX_DEPLOYMENT_TARGET = 10.14;
				PRODUCT_BUNDLE_IDENTIFIER = br.com.felipemendes.DataTests;
				PRODUCT_NAME = "$(TARGET_NAME)";
				SDKROOT = macosx;
				SWIFT_VERSION = 5.0;
			};
			name = Debug;
		};
		DBD154DC246A3B7E003A04AC /* Release */ = {
			isa = XCBuildConfiguration;
			buildSettings = {
				CODE_SIGN_STYLE = Automatic;
				COMBINE_HIDPI_IMAGES = YES;
				DEVELOPMENT_TEAM = "";
				INFOPLIST_FILE = DataTests/Info.plist;
				LD_RUNPATH_SEARCH_PATHS = (
					"$(inherited)",
					"@executable_path/../Frameworks",
					"@loader_path/../Frameworks",
				);
				MACOSX_DEPLOYMENT_TARGET = 10.14;
				PRODUCT_BUNDLE_IDENTIFIER = br.com.felipemendes.DataTests;
				PRODUCT_NAME = "$(TARGET_NAME)";
				SDKROOT = macosx;
				SWIFT_VERSION = 5.0;
			};
			name = Release;
		};
/* End XCBuildConfiguration section */

/* Begin XCConfigurationList section */
		DBD15496246A2DF3003A04AC /* Build configuration list for PBXProject "Swift-CleanArchitecture" */ = {
			isa = XCConfigurationList;
			buildConfigurations = (
				DBD154A2246A2DF3003A04AC /* Debug */,
				DBD154A3246A2DF3003A04AC /* Release */,
			);
			defaultConfigurationIsVisible = 0;
			defaultConfigurationName = Release;
		};
		DBD154B1246A3151003A04AC /* Build configuration list for PBXNativeTarget "Domain" */ = {
			isa = XCConfigurationList;
			buildConfigurations = (
				DBD154B2246A3151003A04AC /* Debug */,
				DBD154B3246A3151003A04AC /* Release */,
			);
			defaultConfigurationIsVisible = 0;
			defaultConfigurationName = Release;
		};
		DBD154C7246A35D4003A04AC /* Build configuration list for PBXNativeTarget "Data" */ = {
			isa = XCConfigurationList;
			buildConfigurations = (
				DBD154C8246A35D4003A04AC /* Debug */,
				DBD154C9246A35D4003A04AC /* Release */,
			);
			defaultConfigurationIsVisible = 0;
			defaultConfigurationName = Release;
		};
		DBD154DA246A3B7E003A04AC /* Build configuration list for PBXNativeTarget "DataTests" */ = {
			isa = XCConfigurationList;
			buildConfigurations = (
				DBD154DB246A3B7E003A04AC /* Debug */,
				DBD154DC246A3B7E003A04AC /* Release */,
			);
			defaultConfigurationIsVisible = 0;
			defaultConfigurationName = Release;
		};
/* End XCConfigurationList section */
	};
	rootObject = DBD15493246A2DF3003A04AC /* Project object */;
}
